hash: 890a6f5db9d7c0761873a766e2c152459bc859f7a69674fa86cd9f3423333acd
updated: 2017-03-02T15:57:30.454189268+02:00
imports:
- name: github.com/containous/flaeg
  version: a731c034dda967333efce5f8d276aeff11f8ff87
- name: github.com/ogier/pflag
  version: 45c278ab3607870051a2ea9040bb85fcb8557481
- name: github.com/Sirupsen/logrus
  version: 0208149b40d863d2c1a2f8fe5753096a9cf2cc8b
- name: golang.org/x/sys
  version: 76cc09b634294339fa19ec41b5f2a0b3932cea8b
  subpackages:
  - unix
testImports: []
